
Microsoft Visual Studio Solution File, Format Version 11.00
# Visual Studio 2010
Project("{FAE04EC0-301F-11D3-BF4B-00C04F79EFBC}") = "NServiceBus.Serializers.Json", "NServiceBus.Serializers.Json\NServiceBus.Serializers.Json.csproj", "{0ACDE3AD-9B80-47DE-A0C0-176DECD3C87F}"
EndProject
Project("{FAE04EC0-301F-11D3-BF4B-00C04F79EFBC}") = "NServiceBus.Serializers.Json.Test", "NServiceBus.Serializers.Json.Test\NServiceBus.Serializers.Json.Test.csproj", "{9D403FEE-88AF-49FD-96CD-A631052F4AF5}"
EndProject
Global
	GlobalSection(SolutionConfigurationPlatforms) = preSolution
		Debug|Any CPU = Debug|Any CPU
		Release|Any CPU = Release|Any CPU
	EndGlobalSection
	GlobalSection(ProjectConfigurationPlatforms) = postSolution
		{0ACDE3AD-9B80-47DE-A0C0-176DECD3C87F}.Debug|Any CPU.ActiveCfg = Debug|Any CPU
		{0ACDE3AD-9B80-47DE-A0C0-176DECD3C87F}.Debug|Any CPU.Build.0 = Debug|Any CPU
		{0ACDE3AD-9B80-47DE-A0C0-176DECD3C87F}.Release|Any CPU.ActiveCfg = Release|Any CPU
		{0ACDE3AD-9B80-47DE-A0C0-176DECD3C87F}.Release|Any CPU.Build.0 = Release|Any CPU
		{9D403FEE-88AF-49FD-96CD-A631052F4AF5}.Debug|Any CPU.ActiveCfg = Debug|Any CPU
		{9D403FEE-88AF-49FD-96CD-A631052F4AF5}.Debug|Any CPU.Build.0 = Debug|Any CPU
		{9D403FEE-88AF-49FD-96CD-A631052F4AF5}.Release|Any CPU.ActiveCfg = Release|Any CPU
		{9D403FEE-88AF-49FD-96CD-A631052F4AF5}.Release|Any CPU.Build.0 = Release|Any CPU
	EndGlobalSection
	GlobalSection(SolutionProperties) = preSolution
		HideSolutionNode = FALSE
	EndGlobalSection
EndGlobal
